// !$*UTF8*$!
{
	archiveVersion = 1;
	classes = {
	};
	objectVersion = 46;
	objects = {

/* Begin PBXBuildFile section */
		5A2137E31EA9FEF7003D75B0 /* ProductDetailViewController.swift in Sources */ = {isa = PBXBuildFile; fileRef = 5A2137E21EA9FEF7003D75B0 /* ProductDetailViewController.swift */; };
		5A31E9CF1EB1D9B4008CA947 /* CartDetailViewController.swift in Sources */ = {isa = PBXBuildFile; fileRef = 5A31E9CE1EB1D9B4008CA947 /* CartDetailViewController.swift */; };
		5A35CAD41EB09BBB00FA3E8A /* CartTableViewCell.swift in Sources */ = {isa = PBXBuildFile; fileRef = 5A35CAD31EB09BBB00FA3E8A /* CartTableViewCell.swift */; };
		5A67B7B91EA7629200B89027 /* ProductTableViewCell.swift in Sources */ = {isa = PBXBuildFile; fileRef = 5A67B7B81EA7629200B89027 /* ProductTableViewCell.swift */; };
		5AE547B21EA0CC410033F1D4 /* AppDelegate.swift in Sources */ = {isa = PBXBuildFile; fileRef = 5AE547B11EA0CC410033F1D4 /* AppDelegate.swift */; };
		5AE547B71EA0CC410033F1D4 /* Main.storyboard in Resources */ = {isa = PBXBuildFile; fileRef = 5AE547B51EA0CC410033F1D4 /* Main.storyboard */; };
		5AE547B91EA0CC410033F1D4 /* Assets.xcassets in Resources */ = {isa = PBXBuildFile; fileRef = 5AE547B81EA0CC410033F1D4 /* Assets.xcassets */; };
		5AE547BC1EA0CC410033F1D4 /* LaunchScreen.storyboard in Resources */ = {isa = PBXBuildFile; fileRef = 5AE547BA1EA0CC410033F1D4 /* LaunchScreen.storyboard */; };
		5AE547CA1EA0CD150033F1D4 /* Product.swift in Sources */ = {isa = PBXBuildFile; fileRef = 5AE547C91EA0CD150033F1D4 /* Product.swift */; };
		5AE547CC1EA0CD2C0033F1D4 /* Cart.swift in Sources */ = {isa = PBXBuildFile; fileRef = 5AE547CB1EA0CD2C0033F1D4 /* Cart.swift */; };
		5AE547CE1EA0CD430033F1D4 /* Order.swift in Sources */ = {isa = PBXBuildFile; fileRef = 5AE547CD1EA0CD430033F1D4 /* Order.swift */; };
		5AE547D41EA0EFAB0033F1D4 /* ProductsViewController.swift in Sources */ = {isa = PBXBuildFile; fileRef = 5AE547D31EA0EFAB0033F1D4 /* ProductsViewController.swift */; };
		5AE547D61EA0F03F0033F1D4 /* CartViewController.swift in Sources */ = {isa = PBXBuildFile; fileRef = 5AE547D51EA0F03F0033F1D4 /* CartViewController.swift */; };
		5AE547D81EA0F0870033F1D4 /* OrderHistoryViewController.swift in Sources */ = {isa = PBXBuildFile; fileRef = 5AE547D71EA0F0870033F1D4 /* OrderHistoryViewController.swift */; };
		5AE547DA1EA0F10D0033F1D4 /* AboutViewController.swift in Sources */ = {isa = PBXBuildFile; fileRef = 5AE547D91EA0F10D0033F1D4 /* AboutViewController.swift */; };
		5AE547DE1EA0FEAF0033F1D4 /* ProductsList.plist in Resources */ = {isa = PBXBuildFile; fileRef = 5AE547DD1EA0FEAF0033F1D4 /* ProductsList.plist */; };
/* End PBXBuildFile section */

/* Begin PBXFileReference section */
		5A2137E21EA9FEF7003D75B0 /* ProductDetailViewController.swift */ = {isa = PBXFileReference; fileEncoding = 4; lastKnownFileType = sourcecode.swift; path = ProductDetailViewController.swift; sourceTree = "<group>"; };
		5A31E9CE1EB1D9B4008CA947 /* CartDetailViewController.swift */ = {isa = PBXFileReference; fileEncoding = 4; lastKnownFileType = sourcecode.swift; path = CartDetailViewController.swift; sourceTree = "<group>"; };
		5A35CAD31EB09BBB00FA3E8A /* CartTableViewCell.swift */ = {isa = PBXFileReference; fileEncoding = 4; lastKnownFileType = sourcecode.swift; path = CartTableViewCell.swift; sourceTree = "<group>"; };
		5A67B7B81EA7629200B89027 /* ProductTableViewCell.swift */ = {isa = PBXFileReference; fileEncoding = 4; lastKnownFileType = sourcecode.swift; path = ProductTableViewCell.swift; sourceTree = "<group>"; };
		5AE547AE1EA0CC410033F1D4 /* Panemar.app */ = {isa = PBXFileReference; explicitFileType = wrapper.application; includeInIndex = 0; path = Panemar.app; sourceTree = BUILT_PRODUCTS_DIR; };
		5AE547B11EA0CC410033F1D4 /* AppDelegate.swift */ = {isa = PBXFileReference; lastKnownFileType = sourcecode.swift; path = AppDelegate.swift; sourceTree = "<group>"; };
		5AE547B61EA0CC410033F1D4 /* Base */ = {isa = PBXFileReference; lastKnownFileType = file.storyboard; name = Base; path = Base.lproj/Main.storyboard; sourceTree = "<group>"; };
		5AE547B81EA0CC410033F1D4 /* Assets.xcassets */ = {isa = PBXFileReference; lastKnownFileType = folder.assetcatalog; path = Assets.xcassets; sourceTree = "<group>"; };
		5AE547BB1EA0CC410033F1D4 /* Base */ = {isa = PBXFileReference; lastKnownFileType = file.storyboard; name = Base; path = Base.lproj/LaunchScreen.storyboard; sourceTree = "<group>"; };
		5AE547BD1EA0CC410033F1D4 /* Info.plist */ = {isa = PBXFileReference; lastKnownFileType = text.plist.xml; path = Info.plist; sourceTree = "<group>"; };
		5AE547C91EA0CD150033F1D4 /* Product.swift */ = {isa = PBXFileReference; fileEncoding = 4; lastKnownFileType = sourcecode.swift; path = Product.swift; sourceTree = "<group>"; };
		5AE547CB1EA0CD2C0033F1D4 /* Cart.swift */ = {isa = PBXFileReference; fileEncoding = 4; lastKnownFileType = sourcecode.swift; path = Cart.swift; sourceTree = "<group>"; };
		5AE547CD1EA0CD430033F1D4 /* Order.swift */ = {isa = PBXFileReference; fileEncoding = 4; lastKnownFileType = sourcecode.swift; path = Order.swift; sourceTree = "<group>"; };
		5AE547D31EA0EFAB0033F1D4 /* ProductsViewController.swift */ = {isa = PBXFileReference; fileEncoding = 4; lastKnownFileType = sourcecode.swift; path = ProductsViewController.swift; sourceTree = "<group>"; };
		5AE547D51EA0F03F0033F1D4 /* CartViewController.swift */ = {isa = PBXFileReference; fileEncoding = 4; lastKnownFileType = sourcecode.swift; path = CartViewController.swift; sourceTree = "<group>"; };
		5AE547D71EA0F0870033F1D4 /* OrderHistoryViewController.swift */ = {isa = PBXFileReference; fileEncoding = 4; lastKnownFileType = sourcecode.swift; path = OrderHistoryViewController.swift; sourceTree = "<group>"; };
		5AE547D91EA0F10D0033F1D4 /* AboutViewController.swift */ = {isa = PBXFileReference; fileEncoding = 4; lastKnownFileType = sourcecode.swift; path = AboutViewController.swift; sourceTree = "<group>"; };
		5AE547DD1EA0FEAF0033F1D4 /* ProductsList.plist */ = {isa = PBXFileReference; fileEncoding = 4; lastKnownFileType = text.plist.xml; path = ProductsList.plist; sourceTree = "<group>"; };
/* End PBXFileReference section */

/* Begin PBXFrameworksBuildPhase section */
		5AE547AB1EA0CC410033F1D4 /* Frameworks */ = {
			isa = PBXFrameworksBuildPhase;
			buildActionMask = 2147483647;
			files = (
			);
			runOnlyForDeploymentPostprocessing = 0;
		};
/* End PBXFrameworksBuildPhase section */

/* Begin PBXGroup section */
		5AE547A51EA0CC410033F1D4 = {
			isa = PBXGroup;
			children = (
				5AE547B01EA0CC410033F1D4 /* Panemar */,
				5AE547AF1EA0CC410033F1D4 /* Products */,
			);
			sourceTree = "<group>";
		};
		5AE547AF1EA0CC410033F1D4 /* Products */ = {
			isa = PBXGroup;
			children = (
				5AE547AE1EA0CC410033F1D4 /* Panemar.app */,
			);
			name = Products;
			sourceTree = "<group>";
		};
		5AE547B01EA0CC410033F1D4 /* Panemar */ = {
			isa = PBXGroup;
			children = (
				5AE547C61EA0CCAD0033F1D4 /* Model */,
				5AE547C41EA0CC800033F1D4 /* View */,
				5AE547C71EA0CCB40033F1D4 /* Controller */,
				5AE547C81EA0CCC10033F1D4 /* Helpers */,
				5AE547C31EA0CC690033F1D4 /* Supporting Files */,
				5AE547DD1EA0FEAF0033F1D4 /* ProductsList.plist */,
			);
			path = Panemar;
			sourceTree = "<group>";
		};
		5AE547C31EA0CC690033F1D4 /* Supporting Files */ = {
			isa = PBXGroup;
			children = (
				5AE547B11EA0CC410033F1D4 /* AppDelegate.swift */,
				5AE547B81EA0CC410033F1D4 /* Assets.xcassets */,
				5AE547BA1EA0CC410033F1D4 /* LaunchScreen.storyboard */,
				5AE547BD1EA0CC410033F1D4 /* Info.plist */,
			);
			name = "Supporting Files";
			sourceTree = "<group>";
		};
		5AE547C41EA0CC800033F1D4 /* View */ = {
			isa = PBXGroup;
			children = (
				5AE547B51EA0CC410033F1D4 /* Main.storyboard */,
				5A67B7B81EA7629200B89027 /* ProductTableViewCell.swift */,
				5A35CAD31EB09BBB00FA3E8A /* CartTableViewCell.swift */,
			);
			name = View;
			sourceTree = "<group>";
		};
		5AE547C61EA0CCAD0033F1D4 /* Model */ = {
			isa = PBXGroup;
			children = (
				5AE547C91EA0CD150033F1D4 /* Product.swift */,
				5AE547CB1EA0CD2C0033F1D4 /* Cart.swift */,
				5AE547CD1EA0CD430033F1D4 /* Order.swift */,
			);
			name = Model;
			sourceTree = "<group>";
		};
		5AE547C71EA0CCB40033F1D4 /* Controller */ = {
			isa = PBXGroup;
			children = (
				5AE547D31EA0EFAB0033F1D4 /* ProductsViewController.swift */,
				5AE547D51EA0F03F0033F1D4 /* CartViewController.swift */,
				5AE547D71EA0F0870033F1D4 /* OrderHistoryViewController.swift */,
				5AE547D91EA0F10D0033F1D4 /* AboutViewController.swift */,
				5A2137E21EA9FEF7003D75B0 /* ProductDetailViewController.swift */,
				5A31E9CE1EB1D9B4008CA947 /* CartDetailViewController.swift */,
			);
			name = Controller;
			sourceTree = "<group>";
		};
		5AE547C81EA0CCC10033F1D4 /* Helpers */ = {
			isa = PBXGroup;
			children = (
			);
			name = Helpers;
			sourceTree = "<group>";
		};
/* End PBXGroup section */

/* Begin PBXNativeTarget section */
		5AE547AD1EA0CC410033F1D4 /* Panemar */ = {
			isa = PBXNativeTarget;
			buildConfigurationList = 5AE547C01EA0CC410033F1D4 /* Build configuration list for PBXNativeTarget "Panemar" */;
			buildPhases = (
				5AE547AA1EA0CC410033F1D4 /* Sources */,
				5AE547AB1EA0CC410033F1D4 /* Frameworks */,
				5AE547AC1EA0CC410033F1D4 /* Resources */,
			);
			buildRules = (
			);
			dependencies = (
			);
			name = Panemar;
			productName = Panemar;
			productReference = 5AE547AE1EA0CC410033F1D4 /* Panemar.app */;
			productType = "com.apple.product-type.application";
		};
/* End PBXNativeTarget section */

/* Begin PBXProject section */
		5AE547A61EA0CC410033F1D4 /* Project object */ = {
			isa = PBXProject;
			attributes = {
				LastSwiftUpdateCheck = 0830;
				LastUpgradeCheck = 0830;
				ORGANIZATIONNAME = "Bogdan Pintilei";
				TargetAttributes = {
					5AE547AD1EA0CC410033F1D4 = {
						CreatedOnToolsVersion = 8.3.1;
						DevelopmentTeam = H3763SJ8DW;
						ProvisioningStyle = Automatic;
					};
				};
			};
			buildConfigurationList = 5AE547A91EA0CC410033F1D4 /* Build configuration list for PBXProject "Panemar" */;
			compatibilityVersion = "Xcode 3.2";
			developmentRegion = English;
			hasScannedForEncodings = 0;
			knownRegions = (
				en,
				Base,
			);
			mainGroup = 5AE547A51EA0CC410033F1D4;
			productRefGroup = 5AE547AF1EA0CC410033F1D4 /* Products */;
			projectDirPath = "";
			projectRoot = "";
			targets = (
				5AE547AD1EA0CC410033F1D4 /* Panemar */,
			);
		};
/* End PBXProject section */

/* Begin PBXResourcesBuildPhase section */
		5AE547AC1EA0CC410033F1D4 /* Resources */ = {
			isa = PBXResourcesBuildPhase;
			buildActionMask = 2147483647;
			files = (
				5AE547BC1EA0CC410033F1D4 /* LaunchScreen.storyboard in Resources */,
				5AE547B91EA0CC410033F1D4 /* Assets.xcassets in Resources */,
				5AE547DE1EA0FEAF0033F1D4 /* ProductsList.plist in Resources */,
				5AE547B71EA0CC410033F1D4 /* Main.storyboard in Resources */,
			);
			runOnlyForDeploymentPostprocessing = 0;
		};
/* End PBXResourcesBuildPhase section */

/* Begin PBXSourcesBuildPhase section */
		5AE547AA1EA0CC410033F1D4 /* Sources */ = {
			isa = PBXSourcesBuildPhase;
			buildActionMask = 2147483647;
			files = (
				5AE547B21EA0CC410033F1D4 /* AppDelegate.swift in Sources */,
				5AE547CC1EA0CD2C0033F1D4 /* Cart.swift in Sources */,
				5A67B7B91EA7629200B89027 /* ProductTableViewCell.swift in Sources */,
				5AE547D81EA0F0870033F1D4 /* OrderHistoryViewController.swift in Sources */,
				5AE547CE1EA0CD430033F1D4 /* Order.swift in Sources */,
				5A31E9CF1EB1D9B4008CA947 /* CartDetailViewController.swift in Sources */,
				5A35CAD41EB09BBB00FA3E8A /* CartTableViewCell.swift in Sources */,
				5AE547D41EA0EFAB0033F1D4 /* ProductsViewController.swift in Sources */,
				5AE547D61EA0F03F0033F1D4 /* CartViewController.swift in Sources */,
				5A2137E31EA9FEF7003D75B0 /* ProductDetailViewController.swift in Sources */,
				5AE547DA1EA0F10D0033F1D4 /* AboutViewController.swift in Sources */,
				5AE547CA1EA0CD150033F1D4 /* Product.swift in Sources */,
			);
			runOnlyForDeploymentPostprocessing = 0;
		};
/* End PBXSourcesBuildPhase section */

/* Begin PBXVariantGroup section */
		5AE547B51EA0CC410033F1D4 /* Main.storyboard */ = {
			isa = PBXVariantGroup;
			children = (
				5AE547B61EA0CC410033F1D4 /* Base */,
			);
			name = Main.storyboard;
			sourceTree = "<group>";
		};
		5AE547BA1EA0CC410033F1D4 /* LaunchScreen.storyboard */ = {
			isa = PBXVariantGroup;
			children = (
				5AE547BB1EA0CC410033F1D4 /* Base */,
			);
			name = LaunchScreen.storyboard;
			sourceTree = "<group>";
		};
/* End PBXVariantGroup section */

/* Begin XCBuildConfiguration section */
		5AE547BE1EA0CC410033F1D4 /* Debug */ = {
			isa = XCBuildConfiguration;
			buildSettings = {
				ALWAYS_SEARCH_USER_PATHS = NO;
				CLANG_ANALYZER_NONNULL = YES;
				CLANG_ANALYZER_NUMBER_OBJECT_CONVERSION = YES_AGGRESSIVE;
				CLANG_CXX_LANGUAGE_STANDARD = "gnu++0x";
				CLANG_CXX_LIBRARY = "libc++";
				CLANG_ENABLE_MODULES = YES;
				CLANG_ENABLE_OBJC_ARC = YES;
				CLANG_WARN_BOOL_CONVERSION = YES;
				CLANG_WARN_CONSTANT_CONVERSION = YES;
				CLANG_WARN_DIRECT_OBJC_ISA_USAGE = YES_ERROR;
				CLANG_WARN_DOCUMENTATION_COMMENTS = YES;
				CLANG_WARN_EMPTY_BODY = YES;
				CLANG_WARN_ENUM_CONVERSION = YES;
				CLANG_WARN_INFINITE_RECURSION = YES;
				CLANG_WARN_INT_CONVERSION = YES;
				CLANG_WARN_OBJC_ROOT_CLASS = YES_ERROR;
				CLANG_WARN_SUSPICIOUS_MOVE = YES;
				CLANG_WARN_UNREACHABLE_CODE = YES;
				CLANG_WARN__DUPLICATE_METHOD_MATCH = YES;
				"CODE_SIGN_IDENTITY[sdk=iphoneos*]" = "iPhone Developer";
				COPY_PHASE_STRIP = NO;
				DEBUG_INFORMATION_FORMAT = dwarf;
				ENABLE_STRICT_OBJC_MSGSEND = YES;
				ENABLE_TESTABILITY = YES;
				GCC_C_LANGUAGE_STANDARD = gnu99;
				GCC_DYNAMIC_NO_PIC = NO;
				GCC_NO_COMMON_BLOCKS = YES;
				GCC_OPTIMIZATION_LEVEL = 0;
				GCC_PREPROCESSOR_DEFINITIONS = (
					"DEBUG=1",
					"$(inherited)",
				);
				GCC_WARN_64_TO_32_BIT_CONVERSION = YES;
				GCC_WARN_ABOUT_RETURN_TYPE = YES_ERROR;
				GCC_WARN_UNDECLARED_SELECTOR = YES;
				GCC_WARN_UNINITIALIZED_AUTOS = YES_AGGRESSIVE;
				GCC_WARN_UNUSED_FUNCTION = YES;
				GCC_WARN_UNUSED_VARIABLE = YES;
				IPHONEOS_DEPLOYMENT_TARGET = 10.3;
				MTL_ENABLE_DEBUG_INFO = YES;
				ONLY_ACTIVE_ARCH = YES;
				SDKROOT = iphoneos;
				SWIFT_ACTIVE_COMPILATION_CONDITIONS = DEBUG;
				SWIFT_OPTIMIZATION_LEVEL = "-Onone";
			};
			name = Debug;
		};
		5AE547BF1EA0CC410033F1D4 /* Release */ = {
			isa = XCBuildConfiguration;
			buildSettings = {
				ALWAYS_SEARCH_USER_PATHS = NO;
				CLANG_ANALYZER_NONNULL = YES;
				CLANG_ANALYZER_NUMBER_OBJECT_CONVERSION = YES_AGGRESSIVE;
				CLANG_CXX_LANGUAGE_STANDARD = "gnu++0x";
				CLANG_CXX_LIBRARY = "libc++";
				CLANG_ENABLE_MODULES = YES;
				CLANG_ENABLE_OBJC_ARC = YES;
				CLANG_WARN_BOOL_CONVERSION = YES;
				CLANG_WARN_CONSTANT_CONVERSION = YES;
				CLANG_WARN_DIRECT_OBJC_ISA_USAGE = YES_ERROR;
				CLANG_WARN_DOCUMENTATION_COMMENTS = YES;
				CLANG_WARN_EMPTY_BODY = YES;
				CLANG_WARN_ENUM_CONVERSION = YES;
				CLANG_WARN_INFINITE_RECURSION = YES;
				CLANG_WARN_INT_CONVERSION = YES;
				CLANG_WARN_OBJC_ROOT_CLASS = YES_ERROR;
				CLANG_WARN_SUSPICIOUS_MOVE = YES;
				CLANG_WARN_UNREACHABLE_CODE = YES;
				CLANG_WARN__DUPLICATE_METHOD_MATCH = YES;
				"CODE_SIGN_IDENTITY[sdk=iphoneos*]" = "iPhone Developer";
				COPY_PHASE_STRIP = NO;
				DEBUG_INFORMATION_FORMAT = "dwarf-with-dsym";
				ENABLE_NS_ASSERTIONS = NO;
				ENABLE_STRICT_OBJC_MSGSEND = YES;
				GCC_C_LANGUAGE_STANDARD = gnu99;
				GCC_NO_COMMON_BLOCKS = YES;
				GCC_WARN_64_TO_32_BIT_CONVERSION = YES;
				GCC_WARN_ABOUT_RETURN_TYPE = YES_ERROR;
				GCC_WARN_UNDECLARED_SELECTOR = YES;
				GCC_WARN_UNINITIALIZED_AUTOS = YES_AGGRESSIVE;
				GCC_WARN_UNUSED_FUNCTION = YES;
				GCC_WARN_UNUSED_VARIABLE = YES;
				IPHONEOS_DEPLOYMENT_TARGET = 10.3;
				MTL_ENABLE_DEBUG_INFO = NO;
				SDKROOT = iphoneos;
				SWIFT_OPTIMIZATION_LEVEL = "-Owholemodule";
				VALIDATE_PRODUCT = YES;
			};
			name = Release;
		};
		5AE547C11EA0CC410033F1D4 /* Debug */ = {
			isa = XCBuildConfiguration;
			buildSettings = {
				ASSETCATALOG_COMPILER_APPICON_NAME = AppIcon;
				DEVELOPMENT_TEAM = H3763SJ8DW;
				INFOPLIST_FILE = Panemar/Info.plist;
				LD_RUNPATH_SEARCH_PATHS = "$(inherited) @executable_path/Frameworks";
				PRODUCT_BUNDLE_IDENTIFIER = bogdan.Panemar;
				PRODUCT_NAME = "$(TARGET_NAME)";
				SWIFT_VERSION = 3.0;
			};
			name = Debug;
		};
		5AE547C21EA0CC410033F1D4 /* Release */ = {
			isa = XCBuildConfiguration;
			buildSettings = {
				ASSETCATALOG_COMPILER_APPICON_NAME = AppIcon;
				DEVELOPMENT_TEAM = H3763SJ8DW;
				INFOPLIST_FILE = Panemar/Info.plist;
				LD_RUNPATH_SEARCH_PATHS = "$(inherited) @executable_path/Frameworks";
				PRODUCT_BUNDLE_IDENTIFIER = bogdan.Panemar;
				PRODUCT_NAME = "$(TARGET_NAME)";
				SWIFT_VERSION = 3.0;
			};
			name = Release;
		};
/* End XCBuildConfiguration section */

/* Begin XCConfigurationList section */
		5AE547A91EA0CC410033F1D4 /* Build configuration list for PBXProject "Panemar" */ = {
			isa = XCConfigurationList;
			buildConfigurations = (
				5AE547BE1EA0CC410033F1D4 /* Debug */,
				5AE547BF1EA0CC410033F1D4 /* Release */,
			);
			defaultConfigurationIsVisible = 0;
			defaultConfigurationName = Release;
		};
		5AE547C01EA0CC410033F1D4 /* Build configuration list for PBXNativeTarget "Panemar" */ = {
			isa = XCConfigurationList;
			buildConfigurations = (
				5AE547C11EA0CC410033F1D4 /* Debug */,
				5AE547C21EA0CC410033F1D4 /* Release */,
			);
			defaultConfigurationIsVisible = 0;
			defaultConfigurationName = Release;
		};
/* End XCConfigurationList section */
	};
	rootObject = 5AE547A61EA0CC410033F1D4 /* Project object */;
}
